
Microsoft Visual Studio Solution File, Format Version 12.00
# Visual Studio Version 16
VisualStudioVersion = 16.0.29609.76
MinimumVisualStudioVersion = 10.0.40219.1
Project("{FAE04EC0-301F-11D3-BF4B-00C04F79EFBC}") = "Less_5_task_1", "Less_5_task_1\Less_5_task_1.csproj", "{DFF4811B-39BA-4930-BFFB-6A7C312A6B6F}"
EndProject
Project("{FAE04EC0-301F-11D3-BF4B-00C04F79EFBC}") = "Less_5_task_2", "Less_5_task_2\Less_5_task_2.csproj", "{47D2670D-381C-47A0-8331-E25EF7F37EBC}"
EndProject
Global
	GlobalSection(SolutionConfigurationPlatforms) = preSolution
		Debug|Any CPU = Debug|Any CPU
		Release|Any CPU = Release|Any CPU
	EndGlobalSection
	GlobalSection(ProjectConfigurationPlatforms) = postSolution
		{DFF4811B-39BA-4930-BFFB-6A7C312A6B6F}.Debug|Any CPU.ActiveCfg = Debug|Any CPU
		{DFF4811B-39BA-4930-BFFB-6A7C312A6B6F}.Debug|Any CPU.Build.0 = Debug|Any CPU
		{DFF4811B-39BA-4930-BFFB-6A7C312A6B6F}.Release|Any CPU.ActiveCfg = Release|Any CPU
		{DFF4811B-39BA-4930-BFFB-6A7C312A6B6F}.Release|Any CPU.Build.0 = Release|Any CPU
		{47D2670D-381C-47A0-8331-E25EF7F37EBC}.Debug|Any CPU.ActiveCfg = Debug|Any CPU
		{47D2670D-381C-47A0-8331-E25EF7F37EBC}.Debug|Any CPU.Build.0 = Debug|Any CPU
		{47D2670D-381C-47A0-8331-E25EF7F37EBC}.Release|Any CPU.ActiveCfg = Release|Any CPU
		{47D2670D-381C-47A0-8331-E25EF7F37EBC}.Release|Any CPU.Build.0 = Release|Any CPU
	EndGlobalSection
	GlobalSection(SolutionProperties) = preSolution
		HideSolutionNode = FALSE
	EndGlobalSection
	GlobalSection(ExtensibilityGlobals) = postSolution
		SolutionGuid = {EE7C1705-9010-4FFC-A1B4-3A49DA4E71A7}
	EndGlobalSection
EndGlobal
