
Microsoft Visual Studio Solution File, Format Version 12.00
# Visual Studio Version 16
VisualStudioVersion = 16.0.29609.76
MinimumVisualStudioVersion = 10.0.40219.1
Project("{FAE04EC0-301F-11D3-BF4B-00C04F79EFBC}") = "Less_6_task_1", "Less_6_task_1\Less_6_task_1.csproj", "{64881BB8-A829-4A78-B996-25E53EDB1D3C}"
EndProject
Project("{FAE04EC0-301F-11D3-BF4B-00C04F79EFBC}") = "Less_6_task_2", "Less_6_task_2\Less_6_task_2.csproj", "{2F899376-F45A-4877-8815-F5BB04A00BF8}"
EndProject
Global
	GlobalSection(SolutionConfigurationPlatforms) = preSolution
		Debug|Any CPU = Debug|Any CPU
		Release|Any CPU = Release|Any CPU
	EndGlobalSection
	GlobalSection(ProjectConfigurationPlatforms) = postSolution
		{64881BB8-A829-4A78-B996-25E53EDB1D3C}.Debug|Any CPU.ActiveCfg = Debug|Any CPU
		{64881BB8-A829-4A78-B996-25E53EDB1D3C}.Debug|Any CPU.Build.0 = Debug|Any CPU
		{64881BB8-A829-4A78-B996-25E53EDB1D3C}.Release|Any CPU.ActiveCfg = Release|Any CPU
		{64881BB8-A829-4A78-B996-25E53EDB1D3C}.Release|Any CPU.Build.0 = Release|Any CPU
		{2F899376-F45A-4877-8815-F5BB04A00BF8}.Debug|Any CPU.ActiveCfg = Debug|Any CPU
		{2F899376-F45A-4877-8815-F5BB04A00BF8}.Debug|Any CPU.Build.0 = Debug|Any CPU
		{2F899376-F45A-4877-8815-F5BB04A00BF8}.Release|Any CPU.ActiveCfg = Release|Any CPU
		{2F899376-F45A-4877-8815-F5BB04A00BF8}.Release|Any CPU.Build.0 = Release|Any CPU
	EndGlobalSection
	GlobalSection(SolutionProperties) = preSolution
		HideSolutionNode = FALSE
	EndGlobalSection
	GlobalSection(ExtensibilityGlobals) = postSolution
		SolutionGuid = {EE7C1705-9010-4FFC-A1B4-3A49DA4E71A7}
	EndGlobalSection
EndGlobal
